
Microsoft Visual Studio Solution File, Format Version 12.00
# Visual Studio Version 17
VisualStudioVersion = 17.1.32210.238
MinimumVisualStudioVersion = 10.0.40219.1
Project("{2150E333-8FDC-42A3-9474-1A3956D46DE8}") = "src", "src", "{B4660397-E20E-4C2E-B1EA-6A8C8ABBC661}"
EndProject
Project("{9A19103F-16F7-4668-BE54-9A1E7A4F7556}") = "OMSServiceMaxi.Data.Model", "src\OMSServiceMaxi.Data.Model\OMSServiceMaxi.Data.Model.csproj", "{BEBF13A2-DC76-45A6-8A3F-C65CF573335A}"
EndProject
Project("{9A19103F-16F7-4668-BE54-9A1E7A4F7556}") = "OMSServiceMaxi", "src\OMSServiceMaxi\OMSServiceMaxi.csproj", "{93E41811-3E40-476D-AF9D-B7D6D5561331}"
EndProject
Project("{9A19103F-16F7-4668-BE54-9A1E7A4F7556}") = "OMSServiceMaxi.DAL", "src\OMSServiceMaxi.DAL\OMSServiceMaxi.DAL.csproj", "{BCF114D2-6CEE-4BDA-B155-E4D120C25885}"
EndProject
Global
	GlobalSection(SolutionConfigurationPlatforms) = preSolution
		Debug|Any CPU = Debug|Any CPU
		Release|Any CPU = Release|Any CPU
	EndGlobalSection
	GlobalSection(ProjectConfigurationPlatforms) = postSolution
		{BEBF13A2-DC76-45A6-8A3F-C65CF573335A}.Debug|Any CPU.ActiveCfg = Debug|Any CPU
		{BEBF13A2-DC76-45A6-8A3F-C65CF573335A}.Debug|Any CPU.Build.0 = Debug|Any CPU
		{BEBF13A2-DC76-45A6-8A3F-C65CF573335A}.Release|Any CPU.ActiveCfg = Release|Any CPU
		{BEBF13A2-DC76-45A6-8A3F-C65CF573335A}.Release|Any CPU.Build.0 = Release|Any CPU
		{93E41811-3E40-476D-AF9D-B7D6D5561331}.Debug|Any CPU.ActiveCfg = Debug|Any CPU
		{93E41811-3E40-476D-AF9D-B7D6D5561331}.Debug|Any CPU.Build.0 = Debug|Any CPU
		{93E41811-3E40-476D-AF9D-B7D6D5561331}.Release|Any CPU.ActiveCfg = Release|Any CPU
		{93E41811-3E40-476D-AF9D-B7D6D5561331}.Release|Any CPU.Build.0 = Release|Any CPU
		{BCF114D2-6CEE-4BDA-B155-E4D120C25885}.Debug|Any CPU.ActiveCfg = Debug|Any CPU
		{BCF114D2-6CEE-4BDA-B155-E4D120C25885}.Debug|Any CPU.Build.0 = Debug|Any CPU
		{BCF114D2-6CEE-4BDA-B155-E4D120C25885}.Release|Any CPU.ActiveCfg = Release|Any CPU
		{BCF114D2-6CEE-4BDA-B155-E4D120C25885}.Release|Any CPU.Build.0 = Release|Any CPU
	EndGlobalSection
	GlobalSection(SolutionProperties) = preSolution
		HideSolutionNode = FALSE
	EndGlobalSection
	GlobalSection(NestedProjects) = preSolution
		{BEBF13A2-DC76-45A6-8A3F-C65CF573335A} = {B4660397-E20E-4C2E-B1EA-6A8C8ABBC661}
		{93E41811-3E40-476D-AF9D-B7D6D5561331} = {B4660397-E20E-4C2E-B1EA-6A8C8ABBC661}
		{BCF114D2-6CEE-4BDA-B155-E4D120C25885} = {B4660397-E20E-4C2E-B1EA-6A8C8ABBC661}
	EndGlobalSection
	GlobalSection(ExtensibilityGlobals) = postSolution
		SolutionGuid = {8248B2CB-ADEF-4052-96C1-2A1D3FC15485}
	EndGlobalSection
EndGlobal
